
Microsoft Visual Studio Solution File, Format Version 12.00
Project("{FAE04EC0-301F-11D3-BF4B-00C04F79EFBC}") = "Acme.OOProgramming", "Acme.OOProgramming\Acme.OOProgramming.csproj", "{4F3009CD-1A5B-49EE-A49F-28AC76D5CAA3}"
EndProject
Global
	GlobalSection(SolutionConfigurationPlatforms) = preSolution
		Debug|Any CPU = Debug|Any CPU
		Release|Any CPU = Release|Any CPU
	EndGlobalSection
	GlobalSection(ProjectConfigurationPlatforms) = postSolution
		{4F3009CD-1A5B-49EE-A49F-28AC76D5CAA3}.Debug|Any CPU.ActiveCfg = Debug|Any CPU
		{4F3009CD-1A5B-49EE-A49F-28AC76D5CAA3}.Debug|Any CPU.Build.0 = Debug|Any CPU
		{4F3009CD-1A5B-49EE-A49F-28AC76D5CAA3}.Release|Any CPU.ActiveCfg = Release|Any CPU
		{4F3009CD-1A5B-49EE-A49F-28AC76D5CAA3}.Release|Any CPU.Build.0 = Release|Any CPU
	EndGlobalSection
EndGlobal
